// !$*UTF8*$!
{
	archiveVersion = 1;
	classes = {
	};
	objectVersion = 55;
	objects = {

/* Begin PBXBuildFile section */
		853C809928F99CB500732014 /* BannerTableViewCell.swift in Sources */ = {isa = PBXBuildFile; fileRef = 853C809828F99CB500732014 /* BannerTableViewCell.swift */; };
		853C809C28F9FC7400732014 /* Model.swift in Sources */ = {isa = PBXBuildFile; fileRef = 853C809B28F9FC7400732014 /* Model.swift */; };
		854AE36328FB11680017E8EF /* NetworkDataService.swift in Sources */ = {isa = PBXBuildFile; fileRef = 854AE36228FB11680017E8EF /* NetworkDataService.swift */; };
		854AE36528FB23F70017E8EF /* MainPresenter.swift in Sources */ = {isa = PBXBuildFile; fileRef = 854AE36428FB23F70017E8EF /* MainPresenter.swift */; };
		854AE36728FB332E0017E8EF /* MainScreenAssembly.swift in Sources */ = {isa = PBXBuildFile; fileRef = 854AE36628FB332E0017E8EF /* MainScreenAssembly.swift */; };
		854AE36A28FB68F80017E8EF /* Launch Screen.storyboard in Resources */ = {isa = PBXBuildFile; fileRef = 854AE36928FB68F80017E8EF /* Launch Screen.storyboard */; };
		85CF0A1C28F83BD200759A3E /* AppDelegate.swift in Sources */ = {isa = PBXBuildFile; fileRef = 85CF0A1B28F83BD200759A3E /* AppDelegate.swift */; };
		85CF0A1E28F83BD200759A3E /* SceneDelegate.swift in Sources */ = {isa = PBXBuildFile; fileRef = 85CF0A1D28F83BD200759A3E /* SceneDelegate.swift */; };
		85CF0A2028F83BD200759A3E /* EmptyViewController.swift in Sources */ = {isa = PBXBuildFile; fileRef = 85CF0A1F28F83BD200759A3E /* EmptyViewController.swift */; };
		85CF0A2528F83BD400759A3E /* Assets.xcassets in Resources */ = {isa = PBXBuildFile; fileRef = 85CF0A2428F83BD400759A3E /* Assets.xcassets */; };
		85CF0A3028F83BF800759A3E /* MainTabBarController.swift in Sources */ = {isa = PBXBuildFile; fileRef = 85CF0A2F28F83BF800759A3E /* MainTabBarController.swift */; };
		85CF0A3228F83C0100759A3E /* GlobalConstants.swift in Sources */ = {isa = PBXBuildFile; fileRef = 85CF0A3128F83C0100759A3E /* GlobalConstants.swift */; };
		85CF0A3428F83C1200759A3E /* MainViewController.swift in Sources */ = {isa = PBXBuildFile; fileRef = 85CF0A3328F83C1200759A3E /* MainViewController.swift */; };
		85CF0A3A28F8448A00759A3E /* BannerCollectionCell.swift in Sources */ = {isa = PBXBuildFile; fileRef = 85CF0A3928F8448A00759A3E /* BannerCollectionCell.swift */; };
		85CF0A3F28F860A100759A3E /* MenuCollectionCell.swift in Sources */ = {isa = PBXBuildFile; fileRef = 85CF0A3E28F860A100759A3E /* MenuCollectionCell.swift */; };
		85CF0A4128F8798700759A3E /* TableViewCell.swift in Sources */ = {isa = PBXBuildFile; fileRef = 85CF0A4028F8798700759A3E /* TableViewCell.swift */; };
		85CF0A4328F982AF00759A3E /* TableViewHeaderMenu.swift in Sources */ = {isa = PBXBuildFile; fileRef = 85CF0A4228F982AF00759A3E /* TableViewHeaderMenu.swift */; };
/* End PBXBuildFile section */

/* Begin PBXFileReference section */
		853C809828F99CB500732014 /* BannerTableViewCell.swift */ = {isa = PBXFileReference; lastKnownFileType = sourcecode.swift; path = BannerTableViewCell.swift; sourceTree = "<group>"; };
		853C809B28F9FC7400732014 /* Model.swift */ = {isa = PBXFileReference; lastKnownFileType = sourcecode.swift; path = Model.swift; sourceTree = "<group>"; };
		854AE36228FB11680017E8EF /* NetworkDataService.swift */ = {isa = PBXFileReference; lastKnownFileType = sourcecode.swift; path = NetworkDataService.swift; sourceTree = "<group>"; };
		854AE36428FB23F70017E8EF /* MainPresenter.swift */ = {isa = PBXFileReference; lastKnownFileType = sourcecode.swift; path = MainPresenter.swift; sourceTree = "<group>"; };
		854AE36628FB332E0017E8EF /* MainScreenAssembly.swift */ = {isa = PBXFileReference; lastKnownFileType = sourcecode.swift; path = MainScreenAssembly.swift; sourceTree = "<group>"; };
		854AE36928FB68F80017E8EF /* Launch Screen.storyboard */ = {isa = PBXFileReference; lastKnownFileType = file.storyboard; path = "Launch Screen.storyboard"; sourceTree = "<group>"; };
		85CF0A1828F83BD200759A3E /* DeliveryTest-MainScreen.app */ = {isa = PBXFileReference; explicitFileType = wrapper.application; includeInIndex = 0; path = "DeliveryTest-MainScreen.app"; sourceTree = BUILT_PRODUCTS_DIR; };
		85CF0A1B28F83BD200759A3E /* AppDelegate.swift */ = {isa = PBXFileReference; lastKnownFileType = sourcecode.swift; path = AppDelegate.swift; sourceTree = "<group>"; };
		85CF0A1D28F83BD200759A3E /* SceneDelegate.swift */ = {isa = PBXFileReference; lastKnownFileType = sourcecode.swift; path = SceneDelegate.swift; sourceTree = "<group>"; };
		85CF0A1F28F83BD200759A3E /* EmptyViewController.swift */ = {isa = PBXFileReference; lastKnownFileType = sourcecode.swift; path = EmptyViewController.swift; sourceTree = "<group>"; };
		85CF0A2428F83BD400759A3E /* Assets.xcassets */ = {isa = PBXFileReference; lastKnownFileType = folder.assetcatalog; path = Assets.xcassets; sourceTree = "<group>"; };
		85CF0A2928F83BD400759A3E /* Info.plist */ = {isa = PBXFileReference; lastKnownFileType = text.plist.xml; path = Info.plist; sourceTree = "<group>"; };
		85CF0A2F28F83BF800759A3E /* MainTabBarController.swift */ = {isa = PBXFileReference; fileEncoding = 4; lastKnownFileType = sourcecode.swift; path = MainTabBarController.swift; sourceTree = "<group>"; };
		85CF0A3128F83C0100759A3E /* GlobalConstants.swift */ = {isa = PBXFileReference; fileEncoding = 4; lastKnownFileType = sourcecode.swift; path = GlobalConstants.swift; sourceTree = "<group>"; };
		85CF0A3328F83C1200759A3E /* MainViewController.swift */ = {isa = PBXFileReference; fileEncoding = 4; lastKnownFileType = sourcecode.swift; path = MainViewController.swift; sourceTree = "<group>"; };
		85CF0A3928F8448A00759A3E /* BannerCollectionCell.swift */ = {isa = PBXFileReference; lastKnownFileType = sourcecode.swift; path = BannerCollectionCell.swift; sourceTree = "<group>"; };
		85CF0A3E28F860A100759A3E /* MenuCollectionCell.swift */ = {isa = PBXFileReference; lastKnownFileType = sourcecode.swift; path = MenuCollectionCell.swift; sourceTree = "<group>"; };
		85CF0A4028F8798700759A3E /* TableViewCell.swift */ = {isa = PBXFileReference; lastKnownFileType = sourcecode.swift; path = TableViewCell.swift; sourceTree = "<group>"; };
		85CF0A4228F982AF00759A3E /* TableViewHeaderMenu.swift */ = {isa = PBXFileReference; lastKnownFileType = sourcecode.swift; path = TableViewHeaderMenu.swift; sourceTree = "<group>"; };
/* End PBXFileReference section */

/* Begin PBXFrameworksBuildPhase section */
		85CF0A1528F83BD200759A3E /* Frameworks */ = {
			isa = PBXFrameworksBuildPhase;
			buildActionMask = 2147483647;
			files = (
			);
			runOnlyForDeploymentPostprocessing = 0;
		};
/* End PBXFrameworksBuildPhase section */

/* Begin PBXGroup section */
		853C809A28F9FC5000732014 /* Model */ = {
			isa = PBXGroup;
			children = (
				853C809B28F9FC7400732014 /* Model.swift */,
			);
			path = Model;
			sourceTree = "<group>";
		};
		853C809F28FAC81E00732014 /* Cells */ = {
			isa = PBXGroup;
			children = (
				853C809828F99CB500732014 /* BannerTableViewCell.swift */,
				85CF0A4028F8798700759A3E /* TableViewCell.swift */,
				85CF0A3928F8448A00759A3E /* BannerCollectionCell.swift */,
				85CF0A3E28F860A100759A3E /* MenuCollectionCell.swift */,
			);
			path = Cells;
			sourceTree = "<group>";
		};
		854AE36828FB47AC0017E8EF /* Services */ = {
			isa = PBXGroup;
			children = (
				854AE36228FB11680017E8EF /* NetworkDataService.swift */,
			);
			path = Services;
			sourceTree = "<group>";
		};
		85CF0A0F28F83BD200759A3E = {
			isa = PBXGroup;
			children = (
				85CF0A1A28F83BD200759A3E /* DeliveryTest-MainScreen */,
				85CF0A1928F83BD200759A3E /* Products */,
			);
			sourceTree = "<group>";
		};
		85CF0A1928F83BD200759A3E /* Products */ = {
			isa = PBXGroup;
			children = (
				85CF0A1828F83BD200759A3E /* DeliveryTest-MainScreen.app */,
			);
			name = Products;
			sourceTree = "<group>";
		};
		85CF0A1A28F83BD200759A3E /* DeliveryTest-MainScreen */ = {
			isa = PBXGroup;
			children = (
				85CF0A3528F83CF800759A3E /* App */,
				853C809A28F9FC5000732014 /* Model */,
				854AE36828FB47AC0017E8EF /* Services */,
				85CF0A3628F83D0200759A3E /* Screens */,
				85CF0A3728F83D1600759A3E /* Resources */,
			);
			path = "DeliveryTest-MainScreen";
			sourceTree = "<group>";
		};
		85CF0A3528F83CF800759A3E /* App */ = {
			isa = PBXGroup;
			children = (
				85CF0A1B28F83BD200759A3E /* AppDelegate.swift */,
				85CF0A1D28F83BD200759A3E /* SceneDelegate.swift */,
			);
			path = App;
			sourceTree = "<group>";
		};
		85CF0A3628F83D0200759A3E /* Screens */ = {
			isa = PBXGroup;
			children = (
				854AE36428FB23F70017E8EF /* MainPresenter.swift */,
				85CF0A3328F83C1200759A3E /* MainViewController.swift */,
				854AE36628FB332E0017E8EF /* MainScreenAssembly.swift */,
				85CF0A3B28F84C4300759A3E /* Views */,
			);
			path = Screens;
			sourceTree = "<group>";
		};
		85CF0A3728F83D1600759A3E /* Resources */ = {
			isa = PBXGroup;
			children = (
				85CF0A3128F83C0100759A3E /* GlobalConstants.swift */,
				854AE36928FB68F80017E8EF /* Launch Screen.storyboard */,
				85CF0A2428F83BD400759A3E /* Assets.xcassets */,
				85CF0A2928F83BD400759A3E /* Info.plist */,
			);
			path = Resources;
			sourceTree = "<group>";
		};
		85CF0A3B28F84C4300759A3E /* Views */ = {
			isa = PBXGroup;
			children = (
				85CF0A1F28F83BD200759A3E /* EmptyViewController.swift */,
				85CF0A2F28F83BF800759A3E /* MainTabBarController.swift */,
				85CF0A4228F982AF00759A3E /* TableViewHeaderMenu.swift */,
				853C809F28FAC81E00732014 /* Cells */,
			);
			path = Views;
			sourceTree = "<group>";
		};
/* End PBXGroup section */

/* Begin PBXNativeTarget section */
		85CF0A1728F83BD200759A3E /* DeliveryTest-MainScreen */ = {
			isa = PBXNativeTarget;
			buildConfigurationList = 85CF0A2C28F83BD400759A3E /* Build configuration list for PBXNativeTarget "DeliveryTest-MainScreen" */;
			buildPhases = (
				85CF0A1428F83BD200759A3E /* Sources */,
				85CF0A1528F83BD200759A3E /* Frameworks */,
				85CF0A1628F83BD200759A3E /* Resources */,
			);
			buildRules = (
			);
			dependencies = (
			);
			name = "DeliveryTest-MainScreen";
			productName = "DeliveryTest-MainScreen";
			productReference = 85CF0A1828F83BD200759A3E /* DeliveryTest-MainScreen.app */;
			productType = "com.apple.product-type.application";
		};
/* End PBXNativeTarget section */

/* Begin PBXProject section */
		85CF0A1028F83BD200759A3E /* Project object */ = {
			isa = PBXProject;
			attributes = {
				BuildIndependentTargetsInParallel = 1;
				LastSwiftUpdateCheck = 1340;
				LastUpgradeCheck = 1340;
				TargetAttributes = {
					85CF0A1728F83BD200759A3E = {
						CreatedOnToolsVersion = 13.4.1;
					};
				};
			};
			buildConfigurationList = 85CF0A1328F83BD200759A3E /* Build configuration list for PBXProject "DeliveryTest-MainScreen" */;
			compatibilityVersion = "Xcode 13.0";
			developmentRegion = en;
			hasScannedForEncodings = 0;
			knownRegions = (
				en,
				Base,
			);
			mainGroup = 85CF0A0F28F83BD200759A3E;
			productRefGroup = 85CF0A1928F83BD200759A3E /* Products */;
			projectDirPath = "";
			projectRoot = "";
			targets = (
				85CF0A1728F83BD200759A3E /* DeliveryTest-MainScreen */,
			);
		};
/* End PBXProject section */

/* Begin PBXResourcesBuildPhase section */
		85CF0A1628F83BD200759A3E /* Resources */ = {
			isa = PBXResourcesBuildPhase;
			buildActionMask = 2147483647;
			files = (
				854AE36A28FB68F80017E8EF /* Launch Screen.storyboard in Resources */,
				85CF0A2528F83BD400759A3E /* Assets.xcassets in Resources */,
			);
			runOnlyForDeploymentPostprocessing = 0;
		};
/* End PBXResourcesBuildPhase section */

/* Begin PBXSourcesBuildPhase section */
		85CF0A1428F83BD200759A3E /* Sources */ = {
			isa = PBXSourcesBuildPhase;
			buildActionMask = 2147483647;
			files = (
				85CF0A2028F83BD200759A3E /* EmptyViewController.swift in Sources */,
				854AE36328FB11680017E8EF /* NetworkDataService.swift in Sources */,
				85CF0A3A28F8448A00759A3E /* BannerCollectionCell.swift in Sources */,
				853C809928F99CB500732014 /* BannerTableViewCell.swift in Sources */,
				85CF0A1C28F83BD200759A3E /* AppDelegate.swift in Sources */,
				85CF0A3228F83C0100759A3E /* GlobalConstants.swift in Sources */,
				853C809C28F9FC7400732014 /* Model.swift in Sources */,
				85CF0A4128F8798700759A3E /* TableViewCell.swift in Sources */,
				854AE36728FB332E0017E8EF /* MainScreenAssembly.swift in Sources */,
				85CF0A3428F83C1200759A3E /* MainViewController.swift in Sources */,
				85CF0A3F28F860A100759A3E /* MenuCollectionCell.swift in Sources */,
				854AE36528FB23F70017E8EF /* MainPresenter.swift in Sources */,
				85CF0A3028F83BF800759A3E /* MainTabBarController.swift in Sources */,
				85CF0A4328F982AF00759A3E /* TableViewHeaderMenu.swift in Sources */,
				85CF0A1E28F83BD200759A3E /* SceneDelegate.swift in Sources */,
			);
			runOnlyForDeploymentPostprocessing = 0;
		};
/* End PBXSourcesBuildPhase section */

/* Begin XCBuildConfiguration section */
		85CF0A2A28F83BD400759A3E /* Debug */ = {
			isa = XCBuildConfiguration;
			buildSettings = {
				ALWAYS_SEARCH_USER_PATHS = NO;
				CLANG_ANALYZER_NONNULL = YES;
				CLANG_ANALYZER_NUMBER_OBJECT_CONVERSION = YES_AGGRESSIVE;
				CLANG_CXX_LANGUAGE_STANDARD = "gnu++17";
				CLANG_ENABLE_MODULES = YES;
				CLANG_ENABLE_OBJC_ARC = YES;
				CLANG_ENABLE_OBJC_WEAK = YES;
				CLANG_WARN_BLOCK_CAPTURE_AUTORELEASING = YES;
				CLANG_WARN_BOOL_CONVERSION = YES;
				CLANG_WARN_COMMA = YES;
				CLANG_WARN_CONSTANT_CONVERSION = YES;
				CLANG_WARN_DEPRECATED_OBJC_IMPLEMENTATIONS = YES;
				CLANG_WARN_DIRECT_OBJC_ISA_USAGE = YES_ERROR;
				CLANG_WARN_DOCUMENTATION_COMMENTS = YES;
				CLANG_WARN_EMPTY_BODY = YES;
				CLANG_WARN_ENUM_CONVERSION = YES;
				CLANG_WARN_INFINITE_RECURSION = YES;
				CLANG_WARN_INT_CONVERSION = YES;
				CLANG_WARN_NON_LITERAL_NULL_CONVERSION = YES;
				CLANG_WARN_OBJC_IMPLICIT_RETAIN_SELF = YES;
				CLANG_WARN_OBJC_LITERAL_CONVERSION = YES;
				CLANG_WARN_OBJC_ROOT_CLASS = YES_ERROR;
				CLANG_WARN_QUOTED_INCLUDE_IN_FRAMEWORK_HEADER = YES;
				CLANG_WARN_RANGE_LOOP_ANALYSIS = YES;
				CLANG_WARN_STRICT_PROTOTYPES = YES;
				CLANG_WARN_SUSPICIOUS_MOVE = YES;
				CLANG_WARN_UNGUARDED_AVAILABILITY = YES_AGGRESSIVE;
				CLANG_WARN_UNREACHABLE_CODE = YES;
				CLANG_WARN__DUPLICATE_METHOD_MATCH = YES;
				COPY_PHASE_STRIP = NO;
				DEBUG_INFORMATION_FORMAT = dwarf;
				ENABLE_STRICT_OBJC_MSGSEND = YES;
				ENABLE_TESTABILITY = YES;
				GCC_C_LANGUAGE_STANDARD = gnu11;
				GCC_DYNAMIC_NO_PIC = NO;
				GCC_NO_COMMON_BLOCKS = YES;
				GCC_OPTIMIZATION_LEVEL = 0;
				GCC_PREPROCESSOR_DEFINITIONS = (
					"DEBUG=1",
					"$(inherited)",
				);
				GCC_WARN_64_TO_32_BIT_CONVERSION = YES;
				GCC_WARN_ABOUT_RETURN_TYPE = YES_ERROR;
				GCC_WARN_UNDECLARED_SELECTOR = YES;
				GCC_WARN_UNINITIALIZED_AUTOS = YES_AGGRESSIVE;
				GCC_WARN_UNUSED_FUNCTION = YES;
				GCC_WARN_UNUSED_VARIABLE = YES;
				IPHONEOS_DEPLOYMENT_TARGET = 15.5;
				MTL_ENABLE_DEBUG_INFO = INCLUDE_SOURCE;
				MTL_FAST_MATH = YES;
				ONLY_ACTIVE_ARCH = YES;
				SDKROOT = iphoneos;
				SWIFT_ACTIVE_COMPILATION_CONDITIONS = DEBUG;
				SWIFT_OPTIMIZATION_LEVEL = "-Onone";
			};
			name = Debug;
		};
		85CF0A2B28F83BD400759A3E /* Release */ = {
			isa = XCBuildConfiguration;
			buildSettings = {
				ALWAYS_SEARCH_USER_PATHS = NO;
				CLANG_ANALYZER_NONNULL = YES;
				CLANG_ANALYZER_NUMBER_OBJECT_CONVERSION = YES_AGGRESSIVE;
				CLANG_CXX_LANGUAGE_STANDARD = "gnu++17";
				CLANG_ENABLE_MODULES = YES;
				CLANG_ENABLE_OBJC_ARC = YES;
				CLANG_ENABLE_OBJC_WEAK = YES;
				CLANG_WARN_BLOCK_CAPTURE_AUTORELEASING = YES;
				CLANG_WARN_BOOL_CONVERSION = YES;
				CLANG_WARN_COMMA = YES;
				CLANG_WARN_CONSTANT_CONVERSION = YES;
				CLANG_WARN_DEPRECATED_OBJC_IMPLEMENTATIONS = YES;
				CLANG_WARN_DIRECT_OBJC_ISA_USAGE = YES_ERROR;
				CLANG_WARN_DOCUMENTATION_COMMENTS = YES;
				CLANG_WARN_EMPTY_BODY = YES;
				CLANG_WARN_ENUM_CONVERSION = YES;
				CLANG_WARN_INFINITE_RECURSION = YES;
				CLANG_WARN_INT_CONVERSION = YES;
				CLANG_WARN_NON_LITERAL_NULL_CONVERSION = YES;
				CLANG_WARN_OBJC_IMPLICIT_RETAIN_SELF = YES;
				CLANG_WARN_OBJC_LITERAL_CONVERSION = YES;
				CLANG_WARN_OBJC_ROOT_CLASS = YES_ERROR;
				CLANG_WARN_QUOTED_INCLUDE_IN_FRAMEWORK_HEADER = YES;
				CLANG_WARN_RANGE_LOOP_ANALYSIS = YES;
				CLANG_WARN_STRICT_PROTOTYPES = YES;
				CLANG_WARN_SUSPICIOUS_MOVE = YES;
				CLANG_WARN_UNGUARDED_AVAILABILITY = YES_AGGRESSIVE;
				CLANG_WARN_UNREACHABLE_CODE = YES;
				CLANG_WARN__DUPLICATE_METHOD_MATCH = YES;
				COPY_PHASE_STRIP = NO;
				DEBUG_INFORMATION_FORMAT = "dwarf-with-dsym";
				ENABLE_NS_ASSERTIONS = NO;
				ENABLE_STRICT_OBJC_MSGSEND = YES;
				GCC_C_LANGUAGE_STANDARD = gnu11;
				GCC_NO_COMMON_BLOCKS = YES;
				GCC_WARN_64_TO_32_BIT_CONVERSION = YES;
				GCC_WARN_ABOUT_RETURN_TYPE = YES_ERROR;
				GCC_WARN_UNDECLARED_SELECTOR = YES;
				GCC_WARN_UNINITIALIZED_AUTOS = YES_AGGRESSIVE;
				GCC_WARN_UNUSED_FUNCTION = YES;
				GCC_WARN_UNUSED_VARIABLE = YES;
				IPHONEOS_DEPLOYMENT_TARGET = 15.5;
				MTL_ENABLE_DEBUG_INFO = NO;
				MTL_FAST_MATH = YES;
				SDKROOT = iphoneos;
				SWIFT_COMPILATION_MODE = wholemodule;
				SWIFT_OPTIMIZATION_LEVEL = "-O";
				VALIDATE_PRODUCT = YES;
			};
			name = Release;
		};
		85CF0A2D28F83BD400759A3E /* Debug */ = {
			isa = XCBuildConfiguration;
			buildSettings = {
				ASSETCATALOG_COMPILER_APPICON_NAME = AppIcon;
				ASSETCATALOG_COMPILER_GLOBAL_ACCENT_COLOR_NAME = AccentColor;
				CODE_SIGN_STYLE = Automatic;
				CURRENT_PROJECT_VERSION = 1;
				DEVELOPMENT_TEAM = 4DHB28A3AA;
				GENERATE_INFOPLIST_FILE = YES;
				INFOPLIST_FILE = "DeliveryTest-MainScreen/Resources/Info.plist";
				INFOPLIST_KEY_UIApplicationSupportsIndirectInputEvents = YES;
				INFOPLIST_KEY_UILaunchStoryboardName = "Launch Screen";
				INFOPLIST_KEY_UISupportedInterfaceOrientations_iPad = "UIInterfaceOrientationPortrait UIInterfaceOrientationPortraitUpsideDown UIInterfaceOrientationLandscapeLeft UIInterfaceOrientationLandscapeRight";
				INFOPLIST_KEY_UISupportedInterfaceOrientations_iPhone = "UIInterfaceOrientationPortrait UIInterfaceOrientationLandscapeLeft UIInterfaceOrientationLandscapeRight";
				LD_RUNPATH_SEARCH_PATHS = (
					"$(inherited)",
					"@executable_path/Frameworks",
				);
				MARKETING_VERSION = 1.0;
				PRODUCT_BUNDLE_IDENTIFIER = "KseniaKobak.DeliveryTest-MainScreen";
				PRODUCT_NAME = "$(TARGET_NAME)";
				SWIFT_EMIT_LOC_STRINGS = YES;
				SWIFT_VERSION = 5.0;
				TARGETED_DEVICE_FAMILY = "1,2";
			};
			name = Debug;
		};
		85CF0A2E28F83BD400759A3E /* Release */ = {
			isa = XCBuildConfiguration;
			buildSettings = {
				ASSETCATALOG_COMPILER_APPICON_NAME = AppIcon;
				ASSETCATALOG_COMPILER_GLOBAL_ACCENT_COLOR_NAME = AccentColor;
				CODE_SIGN_STYLE = Automatic;
				CURRENT_PROJECT_VERSION = 1;
				DEVELOPMENT_TEAM = 4DHB28A3AA;
				GENERATE_INFOPLIST_FILE = YES;
				INFOPLIST_FILE = "DeliveryTest-MainScreen/Resources/Info.plist";
				INFOPLIST_KEY_UIApplicationSupportsIndirectInputEvents = YES;
				INFOPLIST_KEY_UILaunchStoryboardName = "Launch Screen";
				INFOPLIST_KEY_UISupportedInterfaceOrientations_iPad = "UIInterfaceOrientationPortrait UIInterfaceOrientationPortraitUpsideDown UIInterfaceOrientationLandscapeLeft UIInterfaceOrientationLandscapeRight";
				INFOPLIST_KEY_UISupportedInterfaceOrientations_iPhone = "UIInterfaceOrientationPortrait UIInterfaceOrientationLandscapeLeft UIInterfaceOrientationLandscapeRight";
				LD_RUNPATH_SEARCH_PATHS = (
					"$(inherited)",
					"@executable_path/Frameworks",
				);
				MARKETING_VERSION = 1.0;
				PRODUCT_BUNDLE_IDENTIFIER = "KseniaKobak.DeliveryTest-MainScreen";
				PRODUCT_NAME = "$(TARGET_NAME)";
				SWIFT_EMIT_LOC_STRINGS = YES;
				SWIFT_VERSION = 5.0;
				TARGETED_DEVICE_FAMILY = "1,2";
			};
			name = Release;
		};
/* End XCBuildConfiguration section */

/* Begin XCConfigurationList section */
		85CF0A1328F83BD200759A3E /* Build configuration list for PBXProject "DeliveryTest-MainScreen" */ = {
			isa = XCConfigurationList;
			buildConfigurations = (
				85CF0A2A28F83BD400759A3E /* Debug */,
				85CF0A2B28F83BD400759A3E /* Release */,
			);
			defaultConfigurationIsVisible = 0;
			defaultConfigurationName = Release;
		};
		85CF0A2C28F83BD400759A3E /* Build configuration list for PBXNativeTarget "DeliveryTest-MainScreen" */ = {
			isa = XCConfigurationList;
			buildConfigurations = (
				85CF0A2D28F83BD400759A3E /* Debug */,
				85CF0A2E28F83BD400759A3E /* Release */,
			);
			defaultConfigurationIsVisible = 0;
			defaultConfigurationName = Release;
		};
/* End XCConfigurationList section */
	};
	rootObject = 85CF0A1028F83BD200759A3E /* Project object */;
}
